// !$*UTF8*$!
{
	archiveVersion = 1;
	classes = {
	};
	objectVersion = 50;
	objects = {

/* Begin PBXBuildFile section */
		03F2BBF9210E9FBF00DC9AD7 /* AppDelegate.m in Sources */ = {isa = PBXBuildFile; fileRef = 03F2BBF8210E9FBF00DC9AD7 /* AppDelegate.m */; };
		03F2BBFC210E9FBF00DC9AD7 /* ViewController.m in Sources */ = {isa = PBXBuildFile; fileRef = 03F2BBFB210E9FBF00DC9AD7 /* ViewController.m */; };
		03F2BBFF210E9FBF00DC9AD7 /* Main.storyboard in Resources */ = {isa = PBXBuildFile; fileRef = 03F2BBFD210E9FBF00DC9AD7 /* Main.storyboard */; };
		03F2BC01210E9FC000DC9AD7 /* Assets.xcassets in Resources */ = {isa = PBXBuildFile; fileRef = 03F2BC00210E9FC000DC9AD7 /* Assets.xcassets */; };
		03F2BC04210E9FC000DC9AD7 /* LaunchScreen.storyboard in Resources */ = {isa = PBXBuildFile; fileRef = 03F2BC02210E9FC000DC9AD7 /* LaunchScreen.storyboard */; };
		03F2BC07210E9FC000DC9AD7 /* main.m in Sources */ = {isa = PBXBuildFile; fileRef = 03F2BC06210E9FC000DC9AD7 /* main.m */; };
		03F2BC11210EAC8B00DC9AD7 /* baseMapPage.m in Sources */ = {isa = PBXBuildFile; fileRef = 03F2BC0F210EAC8B00DC9AD7 /* baseMapPage.m */; };
		03F2BC12210EAC8B00DC9AD7 /* baseMapPage.xib in Resources */ = {isa = PBXBuildFile; fileRef = 03F2BC10210EAC8B00DC9AD7 /* baseMapPage.xib */; };
		03F2BC15210EEC6A00DC9AD7 /* CustomAnnotation.m in Sources */ = {isa = PBXBuildFile; fileRef = 03F2BC14210EEC6A00DC9AD7 /* CustomAnnotation.m */; };
/* End PBXBuildFile section */

/* Begin PBXFileReference section */
		03F2BBF4210E9FBF00DC9AD7 /* mapKitDemo.app */ = {isa = PBXFileReference; explicitFileType = wrapper.application; includeInIndex = 0; path = mapKitDemo.app; sourceTree = BUILT_PRODUCTS_DIR; };
		03F2BBF7210E9FBF00DC9AD7 /* AppDelegate.h */ = {isa = PBXFileReference; lastKnownFileType = sourcecode.c.h; path = AppDelegate.h; sourceTree = "<group>"; };
		03F2BBF8210E9FBF00DC9AD7 /* AppDelegate.m */ = {isa = PBXFileReference; lastKnownFileType = sourcecode.c.objc; path = AppDelegate.m; sourceTree = "<group>"; };
		03F2BBFA210E9FBF00DC9AD7 /* ViewController.h */ = {isa = PBXFileReference; lastKnownFileType = sourcecode.c.h; path = ViewController.h; sourceTree = "<group>"; };
		03F2BBFB210E9FBF00DC9AD7 /* ViewController.m */ = {isa = PBXFileReference; lastKnownFileType = sourcecode.c.objc; path = ViewController.m; sourceTree = "<group>"; };
		03F2BBFE210E9FBF00DC9AD7 /* Base */ = {isa = PBXFileReference; lastKnownFileType = file.storyboard; name = Base; path = Base.lproj/Main.storyboard; sourceTree = "<group>"; };
		03F2BC00210E9FC000DC9AD7 /* Assets.xcassets */ = {isa = PBXFileReference; lastKnownFileType = folder.assetcatalog; path = Assets.xcassets; sourceTree = "<group>"; };
		03F2BC03210E9FC000DC9AD7 /* Base */ = {isa = PBXFileReference; lastKnownFileType = file.storyboard; name = Base; path = Base.lproj/LaunchScreen.storyboard; sourceTree = "<group>"; };
		03F2BC05210E9FC000DC9AD7 /* Info.plist */ = {isa = PBXFileReference; lastKnownFileType = text.plist.xml; path = Info.plist; sourceTree = "<group>"; };
		03F2BC06210E9FC000DC9AD7 /* main.m */ = {isa = PBXFileReference; lastKnownFileType = sourcecode.c.objc; path = main.m; sourceTree = "<group>"; };
		03F2BC0E210EAC8B00DC9AD7 /* baseMapPage.h */ = {isa = PBXFileReference; lastKnownFileType = sourcecode.c.h; path = baseMapPage.h; sourceTree = "<group>"; };
		03F2BC0F210EAC8B00DC9AD7 /* baseMapPage.m */ = {isa = PBXFileReference; lastKnownFileType = sourcecode.c.objc; path = baseMapPage.m; sourceTree = "<group>"; };
		03F2BC10210EAC8B00DC9AD7 /* baseMapPage.xib */ = {isa = PBXFileReference; lastKnownFileType = file.xib; path = baseMapPage.xib; sourceTree = "<group>"; };
		03F2BC13210EEC6A00DC9AD7 /* CustomAnnotation.h */ = {isa = PBXFileReference; lastKnownFileType = sourcecode.c.h; path = CustomAnnotation.h; sourceTree = "<group>"; };
		03F2BC14210EEC6A00DC9AD7 /* CustomAnnotation.m */ = {isa = PBXFileReference; lastKnownFileType = sourcecode.c.objc; path = CustomAnnotation.m; sourceTree = "<group>"; };
/* End PBXFileReference section */

/* Begin PBXFrameworksBuildPhase section */
		03F2BBF1210E9FBF00DC9AD7 /* Frameworks */ = {
			isa = PBXFrameworksBuildPhase;
			buildActionMask = 2147483647;
			files = (
			);
			runOnlyForDeploymentPostprocessing = 0;
		};
/* End PBXFrameworksBuildPhase section */

/* Begin PBXGroup section */
		03F2BBEB210E9FBF00DC9AD7 = {
			isa = PBXGroup;
			children = (
				03F2BBF6210E9FBF00DC9AD7 /* mapKitDemo */,
				03F2BBF5210E9FBF00DC9AD7 /* Products */,
			);
			sourceTree = "<group>";
		};
		03F2BBF5210E9FBF00DC9AD7 /* Products */ = {
			isa = PBXGroup;
			children = (
				03F2BBF4210E9FBF00DC9AD7 /* mapKitDemo.app */,
			);
			name = Products;
			sourceTree = "<group>";
		};
		03F2BBF6210E9FBF00DC9AD7 /* mapKitDemo */ = {
			isa = PBXGroup;
			children = (
				03F2BC0D210EAC4D00DC9AD7 /* baseMap */,
				03F2BBF7210E9FBF00DC9AD7 /* AppDelegate.h */,
				03F2BBF8210E9FBF00DC9AD7 /* AppDelegate.m */,
				03F2BBFA210E9FBF00DC9AD7 /* ViewController.h */,
				03F2BBFB210E9FBF00DC9AD7 /* ViewController.m */,
				03F2BBFD210E9FBF00DC9AD7 /* Main.storyboard */,
				03F2BC00210E9FC000DC9AD7 /* Assets.xcassets */,
				03F2BC02210E9FC000DC9AD7 /* LaunchScreen.storyboard */,
				03F2BC05210E9FC000DC9AD7 /* Info.plist */,
				03F2BC06210E9FC000DC9AD7 /* main.m */,
			);
			path = mapKitDemo;
			sourceTree = "<group>";
		};
		03F2BC0D210EAC4D00DC9AD7 /* baseMap */ = {
			isa = PBXGroup;
			children = (
				03F2BC0E210EAC8B00DC9AD7 /* baseMapPage.h */,
				03F2BC0F210EAC8B00DC9AD7 /* baseMapPage.m */,
				03F2BC10210EAC8B00DC9AD7 /* baseMapPage.xib */,
				03F2BC13210EEC6A00DC9AD7 /* CustomAnnotation.h */,
				03F2BC14210EEC6A00DC9AD7 /* CustomAnnotation.m */,
			);
			path = baseMap;
			sourceTree = "<group>";
		};
/* End PBXGroup section */

/* Begin PBXNativeTarget section */
		03F2BBF3210E9FBF00DC9AD7 /* mapKitDemo */ = {
			isa = PBXNativeTarget;
			buildConfigurationList = 03F2BC0A210E9FC000DC9AD7 /* Build configuration list for PBXNativeTarget "mapKitDemo" */;
			buildPhases = (
				03F2BBF0210E9FBF00DC9AD7 /* Sources */,
				03F2BBF1210E9FBF00DC9AD7 /* Frameworks */,
				03F2BBF2210E9FBF00DC9AD7 /* Resources */,
			);
			buildRules = (
			);
			dependencies = (
			);
			name = mapKitDemo;
			productName = mapKitDemo;
			productReference = 03F2BBF4210E9FBF00DC9AD7 /* mapKitDemo.app */;
			productType = "com.apple.product-type.application";
		};
/* End PBXNativeTarget section */

/* Begin PBXProject section */
		03F2BBEC210E9FBF00DC9AD7 /* Project object */ = {
			isa = PBXProject;
			attributes = {
				LastUpgradeCheck = 0940;
				ORGANIZATIONNAME = nst;
				TargetAttributes = {
					03F2BBF3210E9FBF00DC9AD7 = {
						CreatedOnToolsVersion = 9.4.1;
						SystemCapabilities = {
							com.apple.BackgroundModes = {
								enabled = 1;
							};
						};
					};
				};
			};
			buildConfigurationList = 03F2BBEF210E9FBF00DC9AD7 /* Build configuration list for PBXProject "mapKitDemo" */;
			compatibilityVersion = "Xcode 9.3";
			developmentRegion = en;
			hasScannedForEncodings = 0;
			knownRegions = (
				en,
				Base,
			);
			mainGroup = 03F2BBEB210E9FBF00DC9AD7;
			productRefGroup = 03F2BBF5210E9FBF00DC9AD7 /* Products */;
			projectDirPath = "";
			projectRoot = "";
			targets = (
				03F2BBF3210E9FBF00DC9AD7 /* mapKitDemo */,
			);
		};
/* End PBXProject section */

/* Begin PBXResourcesBuildPhase section */
		03F2BBF2210E9FBF00DC9AD7 /* Resources */ = {
			isa = PBXResourcesBuildPhase;
			buildActionMask = 2147483647;
			files = (
				03F2BC04210E9FC000DC9AD7 /* LaunchScreen.storyboard in Resources */,
				03F2BC01210E9FC000DC9AD7 /* Assets.xcassets in Resources */,
				03F2BC12210EAC8B00DC9AD7 /* baseMapPage.xib in Resources */,
				03F2BBFF210E9FBF00DC9AD7 /* Main.storyboard in Resources */,
			);
			runOnlyForDeploymentPostprocessing = 0;
		};
/* End PBXResourcesBuildPhase section */

/* Begin PBXSourcesBuildPhase section */
		03F2BBF0210E9FBF00DC9AD7 /* Sources */ = {
			isa = PBXSourcesBuildPhase;
			buildActionMask = 2147483647;
			files = (
				03F2BC15210EEC6A00DC9AD7 /* CustomAnnotation.m in Sources */,
				03F2BBFC210E9FBF00DC9AD7 /* ViewController.m in Sources */,
				03F2BC07210E9FC000DC9AD7 /* main.m in Sources */,
				03F2BC11210EAC8B00DC9AD7 /* baseMapPage.m in Sources */,
				03F2BBF9210E9FBF00DC9AD7 /* AppDelegate.m in Sources */,
			);
			runOnlyForDeploymentPostprocessing = 0;
		};
/* End PBXSourcesBuildPhase section */

/* Begin PBXVariantGroup section */
		03F2BBFD210E9FBF00DC9AD7 /* Main.storyboard */ = {
			isa = PBXVariantGroup;
			children = (
				03F2BBFE210E9FBF00DC9AD7 /* Base */,
			);
			name = Main.storyboard;
			sourceTree = "<group>";
		};
		03F2BC02210E9FC000DC9AD7 /* LaunchScreen.storyboard */ = {
			isa = PBXVariantGroup;
			children = (
				03F2BC03210E9FC000DC9AD7 /* Base */,
			);
			name = LaunchScreen.storyboard;
			sourceTree = "<group>";
		};
/* End PBXVariantGroup section */

/* Begin XCBuildConfiguration section */
		03F2BC08210E9FC000DC9AD7 /* Debug */ = {
			isa = XCBuildConfiguration;
			buildSettings = {
				ALWAYS_SEARCH_USER_PATHS = NO;
				CLANG_ANALYZER_NONNULL = YES;
				CLANG_ANALYZER_NUMBER_OBJECT_CONVERSION = YES_AGGRESSIVE;
				CLANG_CXX_LANGUAGE_STANDARD = "gnu++14";
				CLANG_CXX_LIBRARY = "libc++";
				CLANG_ENABLE_MODULES = YES;
				CLANG_ENABLE_OBJC_ARC = YES;
				CLANG_ENABLE_OBJC_WEAK = YES;
				CLANG_WARN_BLOCK_CAPTURE_AUTORELEASING = YES;
				CLANG_WARN_BOOL_CONVERSION = YES;
				CLANG_WARN_COMMA = YES;
				CLANG_WARN_CONSTANT_CONVERSION = YES;
				CLANG_WARN_DEPRECATED_OBJC_IMPLEMENTATIONS = YES;
				CLANG_WARN_DIRECT_OBJC_ISA_USAGE = YES_ERROR;
				CLANG_WARN_DOCUMENTATION_COMMENTS = YES;
				CLANG_WARN_EMPTY_BODY = YES;
				CLANG_WARN_ENUM_CONVERSION = YES;
				CLANG_WARN_INFINITE_RECURSION = YES;
				CLANG_WARN_INT_CONVERSION = YES;
				CLANG_WARN_NON_LITERAL_NULL_CONVERSION = YES;
				CLANG_WARN_OBJC_IMPLICIT_RETAIN_SELF = YES;
				CLANG_WARN_OBJC_LITERAL_CONVERSION = YES;
				CLANG_WARN_OBJC_ROOT_CLASS = YES_ERROR;
				CLANG_WARN_RANGE_LOOP_ANALYSIS = YES;
				CLANG_WARN_STRICT_PROTOTYPES = YES;
				CLANG_WARN_SUSPICIOUS_MOVE = YES;
				CLANG_WARN_UNGUARDED_AVAILABILITY = YES_AGGRESSIVE;
				CLANG_WARN_UNREACHABLE_CODE = YES;
				CLANG_WARN__DUPLICATE_METHOD_MATCH = YES;
				CODE_SIGN_IDENTITY = "iPhone Developer";
				COPY_PHASE_STRIP = NO;
				DEBUG_INFORMATION_FORMAT = dwarf;
				ENABLE_STRICT_OBJC_MSGSEND = YES;
				ENABLE_TESTABILITY = YES;
				GCC_C_LANGUAGE_STANDARD = gnu11;
				GCC_DYNAMIC_NO_PIC = NO;
				GCC_NO_COMMON_BLOCKS = YES;
				GCC_OPTIMIZATION_LEVEL = 0;
				GCC_PREPROCESSOR_DEFINITIONS = (
					"DEBUG=1",
					"$(inherited)",
				);
				GCC_WARN_64_TO_32_BIT_CONVERSION = YES;
				GCC_WARN_ABOUT_RETURN_TYPE = YES_ERROR;
				GCC_WARN_UNDECLARED_SELECTOR = YES;
				GCC_WARN_UNINITIALIZED_AUTOS = YES_AGGRESSIVE;
				GCC_WARN_UNUSED_FUNCTION = YES;
				GCC_WARN_UNUSED_VARIABLE = YES;
				IPHONEOS_DEPLOYMENT_TARGET = 11.4;
				MTL_ENABLE_DEBUG_INFO = YES;
				ONLY_ACTIVE_ARCH = YES;
				SDKROOT = iphoneos;
			};
			name = Debug;
		};
		03F2BC09210E9FC000DC9AD7 /* Release */ = {
			isa = XCBuildConfiguration;
			buildSettings = {
				ALWAYS_SEARCH_USER_PATHS = NO;
				CLANG_ANALYZER_NONNULL = YES;
				CLANG_ANALYZER_NUMBER_OBJECT_CONVERSION = YES_AGGRESSIVE;
				CLANG_CXX_LANGUAGE_STANDARD = "gnu++14";
				CLANG_CXX_LIBRARY = "libc++";
				CLANG_ENABLE_MODULES = YES;
				CLANG_ENABLE_OBJC_ARC = YES;
				CLANG_ENABLE_OBJC_WEAK = YES;
				CLANG_WARN_BLOCK_CAPTURE_AUTORELEASING = YES;
				CLANG_WARN_BOOL_CONVERSION = YES;
				CLANG_WARN_COMMA = YES;
				CLANG_WARN_CONSTANT_CONVERSION = YES;
				CLANG_WARN_DEPRECATED_OBJC_IMPLEMENTATIONS = YES;
				CLANG_WARN_DIRECT_OBJC_ISA_USAGE = YES_ERROR;
				CLANG_WARN_DOCUMENTATION_COMMENTS = YES;
				CLANG_WARN_EMPTY_BODY = YES;
				CLANG_WARN_ENUM_CONVERSION = YES;
				CLANG_WARN_INFINITE_RECURSION = YES;
				CLANG_WARN_INT_CONVERSION = YES;
				CLANG_WARN_NON_LITERAL_NULL_CONVERSION = YES;
				CLANG_WARN_OBJC_IMPLICIT_RETAIN_SELF = YES;
				CLANG_WARN_OBJC_LITERAL_CONVERSION = YES;
				CLANG_WARN_OBJC_ROOT_CLASS = YES_ERROR;
				CLANG_WARN_RANGE_LOOP_ANALYSIS = YES;
				CLANG_WARN_STRICT_PROTOTYPES = YES;
				CLANG_WARN_SUSPICIOUS_MOVE = YES;
				CLANG_WARN_UNGUARDED_AVAILABILITY = YES_AGGRESSIVE;
				CLANG_WARN_UNREACHABLE_CODE = YES;
				CLANG_WARN__DUPLICATE_METHOD_MATCH = YES;
				CODE_SIGN_IDENTITY = "iPhone Developer";
				COPY_PHASE_STRIP = NO;
				DEBUG_INFORMATION_FORMAT = "dwarf-with-dsym";
				ENABLE_NS_ASSERTIONS = NO;
				ENABLE_STRICT_OBJC_MSGSEND = YES;
				GCC_C_LANGUAGE_STANDARD = gnu11;
				GCC_NO_COMMON_BLOCKS = YES;
				GCC_WARN_64_TO_32_BIT_CONVERSION = YES;
				GCC_WARN_ABOUT_RETURN_TYPE = YES_ERROR;
				GCC_WARN_UNDECLARED_SELECTOR = YES;
				GCC_WARN_UNINITIALIZED_AUTOS = YES_AGGRESSIVE;
				GCC_WARN_UNUSED_FUNCTION = YES;
				GCC_WARN_UNUSED_VARIABLE = YES;
				IPHONEOS_DEPLOYMENT_TARGET = 11.4;
				MTL_ENABLE_DEBUG_INFO = NO;
				SDKROOT = iphoneos;
				VALIDATE_PRODUCT = YES;
			};
			name = Release;
		};
		03F2BC0B210E9FC000DC9AD7 /* Debug */ = {
			isa = XCBuildConfiguration;
			buildSettings = {
				ASSETCATALOG_COMPILER_APPICON_NAME = AppIcon;
				CODE_SIGN_STYLE = Automatic;
				DEVELOPMENT_TEAM = 8JG55B6JYT;
				INFOPLIST_FILE = mapKitDemo/Info.plist;
				LD_RUNPATH_SEARCH_PATHS = (
					"$(inherited)",
					"@executable_path/Frameworks",
				);
				PRODUCT_BUNDLE_IDENTIFIER = nst.mapKitDemo;
				PRODUCT_NAME = "$(TARGET_NAME)";
				TARGETED_DEVICE_FAMILY = "1,2";
			};
			name = Debug;
		};
		03F2BC0C210E9FC000DC9AD7 /* Release */ = {
			isa = XCBuildConfiguration;
			buildSettings = {
				ASSETCATALOG_COMPILER_APPICON_NAME = AppIcon;
				CODE_SIGN_STYLE = Automatic;
				DEVELOPMENT_TEAM = 8JG55B6JYT;
				INFOPLIST_FILE = mapKitDemo/Info.plist;
				LD_RUNPATH_SEARCH_PATHS = (
					"$(inherited)",
					"@executable_path/Frameworks",
				);
				PRODUCT_BUNDLE_IDENTIFIER = nst.mapKitDemo;
				PRODUCT_NAME = "$(TARGET_NAME)";
				TARGETED_DEVICE_FAMILY = "1,2";
			};
			name = Release;
		};
/* End XCBuildConfiguration section */

/* Begin XCConfigurationList section */
		03F2BBEF210E9FBF00DC9AD7 /* Build configuration list for PBXProject "mapKitDemo" */ = {
			isa = XCConfigurationList;
			buildConfigurations = (
				03F2BC08210E9FC000DC9AD7 /* Debug */,
				03F2BC09210E9FC000DC9AD7 /* Release */,
			);
			defaultConfigurationIsVisible = 0;
			defaultConfigurationName = Release;
		};
		03F2BC0A210E9FC000DC9AD7 /* Build configuration list for PBXNativeTarget "mapKitDemo" */ = {
			isa = XCConfigurationList;
			buildConfigurations = (
				03F2BC0B210E9FC000DC9AD7 /* Debug */,
				03F2BC0C210E9FC000DC9AD7 /* Release */,
			);
			defaultConfigurationIsVisible = 0;
			defaultConfigurationName = Release;
		};
/* End XCConfigurationList section */
	};
	rootObject = 03F2BBEC210E9FBF00DC9AD7 /* Project object */;
}
